
Microsoft Visual Studio Solution File, Format Version 12.00
Project("{FAE04EC0-301F-11D3-BF4B-00C04F79EFBC}") = "TimesheetGPT.WebAPI", "src\TimesheetGPT.WebAPI\TimesheetGPT.WebAPI.csproj", "{F368C881-0850-4BC5-9EE7-348A9D027442}"
EndProject
Project("{FAE04EC0-301F-11D3-BF4B-00C04F79EFBC}") = "TimesheetGPT.Core", "src\TimesheetGPT.Core\TimesheetGPT.Core.csproj", "{33E6F72B-E0BD-4C23-926A-7D2EB8FEA986}"
EndProject
Project("{FAE04EC0-301F-11D3-BF4B-00C04F79EFBC}") = "TimesheetGPT.WebUI", "src\TimesheetGPT.WebUI\TimesheetGPT.WebUI.csproj", "{8A5306C1-5A52-4B04-B63E-5B4AE42F47BC}"
EndProject
Project("{2150E333-8FDC-42A3-9474-1A3956D46DE8}") = "src", "src", "{F96206B6-DD8A-4FEC-93E0-2D2BA6B408DF}"
EndProject
Project("{FAE04EC0-301F-11D3-BF4B-00C04F79EFBC}") = "TimesheetGPT.Gateway", "src\TimesheetGPT.Gateway\TimesheetGPT.Gateway.csproj", "{12B7D535-9E96-407C-AEBF-6A8B4FDAFCB7}"
EndProject
Global
	GlobalSection(SolutionConfigurationPlatforms) = preSolution
		Debug|Any CPU = Debug|Any CPU
		Release|Any CPU = Release|Any CPU
	EndGlobalSection
	GlobalSection(ProjectConfigurationPlatforms) = postSolution
		{F368C881-0850-4BC5-9EE7-348A9D027442}.Debug|Any CPU.ActiveCfg = Debug|Any CPU
		{F368C881-0850-4BC5-9EE7-348A9D027442}.Debug|Any CPU.Build.0 = Debug|Any CPU
		{F368C881-0850-4BC5-9EE7-348A9D027442}.Release|Any CPU.ActiveCfg = Release|Any CPU
		{F368C881-0850-4BC5-9EE7-348A9D027442}.Release|Any CPU.Build.0 = Release|Any CPU
		{33E6F72B-E0BD-4C23-926A-7D2EB8FEA986}.Debug|Any CPU.ActiveCfg = Debug|Any CPU
		{33E6F72B-E0BD-4C23-926A-7D2EB8FEA986}.Debug|Any CPU.Build.0 = Debug|Any CPU
		{33E6F72B-E0BD-4C23-926A-7D2EB8FEA986}.Release|Any CPU.ActiveCfg = Release|Any CPU
		{33E6F72B-E0BD-4C23-926A-7D2EB8FEA986}.Release|Any CPU.Build.0 = Release|Any CPU
		{8A5306C1-5A52-4B04-B63E-5B4AE42F47BC}.Debug|Any CPU.ActiveCfg = Debug|Any CPU
		{8A5306C1-5A52-4B04-B63E-5B4AE42F47BC}.Debug|Any CPU.Build.0 = Debug|Any CPU
		{8A5306C1-5A52-4B04-B63E-5B4AE42F47BC}.Release|Any CPU.ActiveCfg = Release|Any CPU
		{8A5306C1-5A52-4B04-B63E-5B4AE42F47BC}.Release|Any CPU.Build.0 = Release|Any CPU
		{12B7D535-9E96-407C-AEBF-6A8B4FDAFCB7}.Debug|Any CPU.ActiveCfg = Debug|Any CPU
		{12B7D535-9E96-407C-AEBF-6A8B4FDAFCB7}.Debug|Any CPU.Build.0 = Debug|Any CPU
		{12B7D535-9E96-407C-AEBF-6A8B4FDAFCB7}.Release|Any CPU.ActiveCfg = Release|Any CPU
		{12B7D535-9E96-407C-AEBF-6A8B4FDAFCB7}.Release|Any CPU.Build.0 = Release|Any CPU
	EndGlobalSection
	GlobalSection(NestedProjects) = preSolution
		{33E6F72B-E0BD-4C23-926A-7D2EB8FEA986} = {F96206B6-DD8A-4FEC-93E0-2D2BA6B408DF}
		{F368C881-0850-4BC5-9EE7-348A9D027442} = {F96206B6-DD8A-4FEC-93E0-2D2BA6B408DF}
		{8A5306C1-5A52-4B04-B63E-5B4AE42F47BC} = {F96206B6-DD8A-4FEC-93E0-2D2BA6B408DF}
		{12B7D535-9E96-407C-AEBF-6A8B4FDAFCB7} = {F96206B6-DD8A-4FEC-93E0-2D2BA6B408DF}
	EndGlobalSection
EndGlobal
